{
  "name": "cms",
  "version": "0.1.0",
  "lockfileVersion": 1,
  "requires": true,
  "dependencies": {
    "@nestjs/mapped-types": {
      "version": "1.0.0",
      "resolved": "https://registry.npmjs.org/@nestjs/mapped-types/-/mapped-types-1.0.0.tgz",
      "integrity": "sha512-26AW5jHadLXtvHs+M+Agd9KZ92dDlBrmD0rORlBlvn2KvsWs4JRaKl2mUsrW7YsdZeAu3Hc4ukqyYyDdyCmMWQ=="
    },
    "@nestjs/swagger": {
      "version": "5.1.1",
      "resolved": "https://registry.npmjs.org/@nestjs/swagger/-/swagger-5.1.1.tgz",
      "integrity": "sha512-vdfTv/gpibGNwG9gmryG5zdVXR65ia6myteWju9FPpZaoICphzAUZotV23dF75JzpwV2Zv+CGkXOxUiqsjxCdg==",
      "requires": {
        "@nestjs/mapped-types": "1.0.0",
        "lodash": "4.17.21",
        "path-to-regexp": "3.2.0"
      }
    },
    "lodash": {
      "version": "4.17.21",
      "resolved": "https://registry.npmjs.org/lodash/-/lodash-4.17.21.tgz",
      "integrity": "sha512-v2kDEe57lecTulaDIuNTPy3Ry4gLGJ6Z1O3vE1krgXZNrsQ+LFTGHVxVjcXPs17LhbZVGedAJv8XZ1tvj5FvSg=="
    },
    "path-to-regexp": {
      "version": "3.2.0",
      "resolved": "https://registry.npmjs.org/path-to-regexp/-/path-to-regexp-3.2.0.tgz",
      "integrity": "sha512-jczvQbCUS7XmS7o+y1aEO9OBVFeZBQ1MDSEqmO7xSoPgOPoowY/SxLpZ6Vh97/8qHZOteiCKb7gkG9gA2ZUxJA=="
    },
    "swagger-ui-dist": {
      "version": "3.52.5",
      "resolved": "https://registry.npmjs.org/swagger-ui-dist/-/swagger-ui-dist-3.52.5.tgz",
      "integrity": "sha512-8z18eX8G/jbTXYzyNIaobrnD7PSN7yU/YkSasMmajrXtw0FGS64XjrKn5v37d36qmU3o1xLeuYnktshRr7uIFw=="
    },
    "swagger-ui-express": {
      "version": "4.1.6",
      "resolved": "https://registry.npmjs.org/swagger-ui-express/-/swagger-ui-express-4.1.6.tgz",
      "integrity": "sha512-Xs2BGGudvDBtL7RXcYtNvHsFtP1DBFPMJFRxHe5ez/VG/rzVOEjazJOOSc/kSCyxreCTKfJrII6MJlL9a6t8vw==",
      "requires": {
        "swagger-ui-dist": "^3.18.1"
      }
    }
  }
}
